// !$*UTF8*$!
{
	archiveVersion = 1;
	classes = {
	};
	objectVersion = 56;
	objects = {

/* Begin PBXBuildFile section */
		CDEE853D2A24BADD00C90EF5 /* Care_LoveApp.swift in Sources */ = {isa = PBXBuildFile; fileRef = CDEE853C2A24BADD00C90EF5 /* Care_LoveApp.swift */; };
		CDEE853F2A24BADD00C90EF5 /* ContentView.swift in Sources */ = {isa = PBXBuildFile; fileRef = CDEE853E2A24BADD00C90EF5 /* ContentView.swift */; };
		CDEE85412A24BADE00C90EF5 /* Assets.xcassets in Resources */ = {isa = PBXBuildFile; fileRef = CDEE85402A24BADE00C90EF5 /* Assets.xcassets */; };
		CDEE85442A24BADE00C90EF5 /* Preview Assets.xcassets in Resources */ = {isa = PBXBuildFile; fileRef = CDEE85432A24BADE00C90EF5 /* Preview Assets.xcassets */; };
		CDEE854C2A24BC7D00C90EF5 /* chimeup.mp3 in Resources */ = {isa = PBXBuildFile; fileRef = CDEE854A2A24BC7D00C90EF5 /* chimeup.mp3 */; };
		CDEE854D2A24BC7D00C90EF5 /* success.m4a in Resources */ = {isa = PBXBuildFile; fileRef = CDEE854B2A24BC7D00C90EF5 /* success.m4a */; };
		CDEE85532A24C0D100C90EF5 /* Onboarding.swift in Sources */ = {isa = PBXBuildFile; fileRef = CDEE85522A24C0D100C90EF5 /* Onboarding.swift */; };
		CDEE85552A24C0E300C90EF5 /* Home.swift in Sources */ = {isa = PBXBuildFile; fileRef = CDEE85542A24C0E300C90EF5 /* Home.swift */; };
/* End PBXBuildFile section */

/* Begin PBXFileReference section */
		CDEE85392A24BADD00C90EF5 /* Care&Love.app */ = {isa = PBXFileReference; explicitFileType = wrapper.application; includeInIndex = 0; path = "Care&Love.app"; sourceTree = BUILT_PRODUCTS_DIR; };
		CDEE853C2A24BADD00C90EF5 /* Care_LoveApp.swift */ = {isa = PBXFileReference; lastKnownFileType = sourcecode.swift; path = Care_LoveApp.swift; sourceTree = "<group>"; };
		CDEE853E2A24BADD00C90EF5 /* ContentView.swift */ = {isa = PBXFileReference; lastKnownFileType = sourcecode.swift; path = ContentView.swift; sourceTree = "<group>"; };
		CDEE85402A24BADE00C90EF5 /* Assets.xcassets */ = {isa = PBXFileReference; lastKnownFileType = folder.assetcatalog; path = Assets.xcassets; sourceTree = "<group>"; };
		CDEE85432A24BADE00C90EF5 /* Preview Assets.xcassets */ = {isa = PBXFileReference; lastKnownFileType = folder.assetcatalog; path = "Preview Assets.xcassets"; sourceTree = "<group>"; };
		CDEE854A2A24BC7D00C90EF5 /* chimeup.mp3 */ = {isa = PBXFileReference; lastKnownFileType = audio.mp3; path = chimeup.mp3; sourceTree = "<group>"; };
		CDEE854B2A24BC7D00C90EF5 /* success.m4a */ = {isa = PBXFileReference; lastKnownFileType = file; path = success.m4a; sourceTree = "<group>"; };
		CDEE85522A24C0D100C90EF5 /* Onboarding.swift */ = {isa = PBXFileReference; lastKnownFileType = sourcecode.swift; path = Onboarding.swift; sourceTree = "<group>"; };
		CDEE85542A24C0E300C90EF5 /* Home.swift */ = {isa = PBXFileReference; lastKnownFileType = sourcecode.swift; path = Home.swift; sourceTree = "<group>"; };
/* End PBXFileReference section */

/* Begin PBXFrameworksBuildPhase section */
		CDEE85362A24BADD00C90EF5 /* Frameworks */ = {
			isa = PBXFrameworksBuildPhase;
			buildActionMask = 2147483647;
			files = (
			);
			runOnlyForDeploymentPostprocessing = 0;
		};
/* End PBXFrameworksBuildPhase section */

/* Begin PBXGroup section */
		CDEE85302A24BADD00C90EF5 = {
			isa = PBXGroup;
			children = (
				CDEE853B2A24BADD00C90EF5 /* Care&Love */,
				CDEE853A2A24BADD00C90EF5 /* Products */,
			);
			sourceTree = "<group>";
		};
		CDEE853A2A24BADD00C90EF5 /* Products */ = {
			isa = PBXGroup;
			children = (
				CDEE85392A24BADD00C90EF5 /* Care&Love.app */,
			);
			name = Products;
			sourceTree = "<group>";
		};
		CDEE853B2A24BADD00C90EF5 /* Care&Love */ = {
			isa = PBXGroup;
			children = (
				CDEE85512A24BFA800C90EF5 /* component */,
				CDEE85502A24BF4D00C90EF5 /* screen */,
				CDEE854F2A24BF3500C90EF5 /* utelities */,
				CDEE854E2A24BF1A00C90EF5 /* sound */,
				CDEE85402A24BADE00C90EF5 /* Assets.xcassets */,
				CDEE85422A24BADE00C90EF5 /* Preview Content */,
			);
			path = "Care&Love";
			sourceTree = "<group>";
		};
		CDEE85422A24BADE00C90EF5 /* Preview Content */ = {
			isa = PBXGroup;
			children = (
				CDEE85432A24BADE00C90EF5 /* Preview Assets.xcassets */,
			);
			path = "Preview Content";
			sourceTree = "<group>";
		};
		CDEE854E2A24BF1A00C90EF5 /* sound */ = {
			isa = PBXGroup;
			children = (
				CDEE854A2A24BC7D00C90EF5 /* chimeup.mp3 */,
				CDEE854B2A24BC7D00C90EF5 /* success.m4a */,
			);
			path = sound;
			sourceTree = "<group>";
		};
		CDEE854F2A24BF3500C90EF5 /* utelities */ = {
			isa = PBXGroup;
			children = (
			);
			path = utelities;
			sourceTree = "<group>";
		};
		CDEE85502A24BF4D00C90EF5 /* screen */ = {
			isa = PBXGroup;
			children = (
				CDEE853C2A24BADD00C90EF5 /* Care_LoveApp.swift */,
				CDEE853E2A24BADD00C90EF5 /* ContentView.swift */,
				CDEE85522A24C0D100C90EF5 /* Onboarding.swift */,
				CDEE85542A24C0E300C90EF5 /* Home.swift */,
			);
			path = screen;
			sourceTree = "<group>";
		};
		CDEE85512A24BFA800C90EF5 /* component */ = {
			isa = PBXGroup;
			children = (
			);
			path = component;
			sourceTree = "<group>";
		};
/* End PBXGroup section */

/* Begin PBXNativeTarget section */
		CDEE85382A24BADD00C90EF5 /* Care&Love */ = {
			isa = PBXNativeTarget;
			buildConfigurationList = CDEE85472A24BADE00C90EF5 /* Build configuration list for PBXNativeTarget "Care&Love" */;
			buildPhases = (
				CDEE85352A24BADD00C90EF5 /* Sources */,
				CDEE85362A24BADD00C90EF5 /* Frameworks */,
				CDEE85372A24BADD00C90EF5 /* Resources */,
			);
			buildRules = (
			);
			dependencies = (
			);
			name = "Care&Love";
			productName = "Care&Love";
			productReference = CDEE85392A24BADD00C90EF5 /* Care&Love.app */;
			productType = "com.apple.product-type.application";
		};
/* End PBXNativeTarget section */

/* Begin PBXProject section */
		CDEE85312A24BADD00C90EF5 /* Project object */ = {
			isa = PBXProject;
			attributes = {
				BuildIndependentTargetsInParallel = 1;
				LastSwiftUpdateCheck = 1430;
				LastUpgradeCheck = 1430;
				TargetAttributes = {
					CDEE85382A24BADD00C90EF5 = {
						CreatedOnToolsVersion = 14.3;
					};
				};
			};
			buildConfigurationList = CDEE85342A24BADD00C90EF5 /* Build configuration list for PBXProject "Care&Love" */;
			compatibilityVersion = "Xcode 14.0";
			developmentRegion = en;
			hasScannedForEncodings = 0;
			knownRegions = (
				en,
				Base,
			);
			mainGroup = CDEE85302A24BADD00C90EF5;
			productRefGroup = CDEE853A2A24BADD00C90EF5 /* Products */;
			projectDirPath = "";
			projectRoot = "";
			targets = (
				CDEE85382A24BADD00C90EF5 /* Care&Love */,
			);
		};
/* End PBXProject section */

/* Begin PBXResourcesBuildPhase section */
		CDEE85372A24BADD00C90EF5 /* Resources */ = {
			isa = PBXResourcesBuildPhase;
			buildActionMask = 2147483647;
			files = (
				CDEE854D2A24BC7D00C90EF5 /* success.m4a in Resources */,
				CDEE854C2A24BC7D00C90EF5 /* chimeup.mp3 in Resources */,
				CDEE85442A24BADE00C90EF5 /* Preview Assets.xcassets in Resources */,
				CDEE85412A24BADE00C90EF5 /* Assets.xcassets in Resources */,
			);
			runOnlyForDeploymentPostprocessing = 0;
		};
/* End PBXResourcesBuildPhase section */

/* Begin PBXSourcesBuildPhase section */
		CDEE85352A24BADD00C90EF5 /* Sources */ = {
			isa = PBXSourcesBuildPhase;
			buildActionMask = 2147483647;
			files = (
				CDEE85532A24C0D100C90EF5 /* Onboarding.swift in Sources */,
				CDEE853F2A24BADD00C90EF5 /* ContentView.swift in Sources */,
				CDEE85552A24C0E300C90EF5 /* Home.swift in Sources */,
				CDEE853D2A24BADD00C90EF5 /* Care_LoveApp.swift in Sources */,
			);
			runOnlyForDeploymentPostprocessing = 0;
		};
/* End PBXSourcesBuildPhase section */

/* Begin XCBuildConfiguration section */
		CDEE85452A24BADE00C90EF5 /* Debug */ = {
			isa = XCBuildConfiguration;
			buildSettings = {
				ALWAYS_SEARCH_USER_PATHS = NO;
				CLANG_ANALYZER_NONNULL = YES;
				CLANG_ANALYZER_NUMBER_OBJECT_CONVERSION = YES_AGGRESSIVE;
				CLANG_CXX_LANGUAGE_STANDARD = "gnu++20";
				CLANG_ENABLE_MODULES = YES;
				CLANG_ENABLE_OBJC_ARC = YES;
				CLANG_ENABLE_OBJC_WEAK = YES;
				CLANG_WARN_BLOCK_CAPTURE_AUTORELEASING = YES;
				CLANG_WARN_BOOL_CONVERSION = YES;
				CLANG_WARN_COMMA = YES;
				CLANG_WARN_CONSTANT_CONVERSION = YES;
				CLANG_WARN_DEPRECATED_OBJC_IMPLEMENTATIONS = YES;
				CLANG_WARN_DIRECT_OBJC_ISA_USAGE = YES_ERROR;
				CLANG_WARN_DOCUMENTATION_COMMENTS = YES;
				CLANG_WARN_EMPTY_BODY = YES;
				CLANG_WARN_ENUM_CONVERSION = YES;
				CLANG_WARN_INFINITE_RECURSION = YES;
				CLANG_WARN_INT_CONVERSION = YES;
				CLANG_WARN_NON_LITERAL_NULL_CONVERSION = YES;
				CLANG_WARN_OBJC_IMPLICIT_RETAIN_SELF = YES;
				CLANG_WARN_OBJC_LITERAL_CONVERSION = YES;
				CLANG_WARN_OBJC_ROOT_CLASS = YES_ERROR;
				CLANG_WARN_QUOTED_INCLUDE_IN_FRAMEWORK_HEADER = YES;
				CLANG_WARN_RANGE_LOOP_ANALYSIS = YES;
				CLANG_WARN_STRICT_PROTOTYPES = YES;
				CLANG_WARN_SUSPICIOUS_MOVE = YES;
				CLANG_WARN_UNGUARDED_AVAILABILITY = YES_AGGRESSIVE;
				CLANG_WARN_UNREACHABLE_CODE = YES;
				CLANG_WARN__DUPLICATE_METHOD_MATCH = YES;
				COPY_PHASE_STRIP = NO;
				DEBUG_INFORMATION_FORMAT = dwarf;
				ENABLE_STRICT_OBJC_MSGSEND = YES;
				ENABLE_TESTABILITY = YES;
				GCC_C_LANGUAGE_STANDARD = gnu11;
				GCC_DYNAMIC_NO_PIC = NO;
				GCC_NO_COMMON_BLOCKS = YES;
				GCC_OPTIMIZATION_LEVEL = 0;
				GCC_PREPROCESSOR_DEFINITIONS = (
					"DEBUG=1",
					"$(inherited)",
				);
				GCC_WARN_64_TO_32_BIT_CONVERSION = YES;
				GCC_WARN_ABOUT_RETURN_TYPE = YES_ERROR;
				GCC_WARN_UNDECLARED_SELECTOR = YES;
				GCC_WARN_UNINITIALIZED_AUTOS = YES_AGGRESSIVE;
				GCC_WARN_UNUSED_FUNCTION = YES;
				GCC_WARN_UNUSED_VARIABLE = YES;
				IPHONEOS_DEPLOYMENT_TARGET = 16.4;
				MTL_ENABLE_DEBUG_INFO = INCLUDE_SOURCE;
				MTL_FAST_MATH = YES;
				ONLY_ACTIVE_ARCH = YES;
				SDKROOT = iphoneos;
				SWIFT_ACTIVE_COMPILATION_CONDITIONS = DEBUG;
				SWIFT_OPTIMIZATION_LEVEL = "-Onone";
			};
			name = Debug;
		};
		CDEE85462A24BADE00C90EF5 /* Release */ = {
			isa = XCBuildConfiguration;
			buildSettings = {
				ALWAYS_SEARCH_USER_PATHS = NO;
				CLANG_ANALYZER_NONNULL = YES;
				CLANG_ANALYZER_NUMBER_OBJECT_CONVERSION = YES_AGGRESSIVE;
				CLANG_CXX_LANGUAGE_STANDARD = "gnu++20";
				CLANG_ENABLE_MODULES = YES;
				CLANG_ENABLE_OBJC_ARC = YES;
				CLANG_ENABLE_OBJC_WEAK = YES;
				CLANG_WARN_BLOCK_CAPTURE_AUTORELEASING = YES;
				CLANG_WARN_BOOL_CONVERSION = YES;
				CLANG_WARN_COMMA = YES;
				CLANG_WARN_CONSTANT_CONVERSION = YES;
				CLANG_WARN_DEPRECATED_OBJC_IMPLEMENTATIONS = YES;
				CLANG_WARN_DIRECT_OBJC_ISA_USAGE = YES_ERROR;
				CLANG_WARN_DOCUMENTATION_COMMENTS = YES;
				CLANG_WARN_EMPTY_BODY = YES;
				CLANG_WARN_ENUM_CONVERSION = YES;
				CLANG_WARN_INFINITE_RECURSION = YES;
				CLANG_WARN_INT_CONVERSION = YES;
				CLANG_WARN_NON_LITERAL_NULL_CONVERSION = YES;
				CLANG_WARN_OBJC_IMPLICIT_RETAIN_SELF = YES;
				CLANG_WARN_OBJC_LITERAL_CONVERSION = YES;
				CLANG_WARN_OBJC_ROOT_CLASS = YES_ERROR;
				CLANG_WARN_QUOTED_INCLUDE_IN_FRAMEWORK_HEADER = YES;
				CLANG_WARN_RANGE_LOOP_ANALYSIS = YES;
				CLANG_WARN_STRICT_PROTOTYPES = YES;
				CLANG_WARN_SUSPICIOUS_MOVE = YES;
				CLANG_WARN_UNGUARDED_AVAILABILITY = YES_AGGRESSIVE;
				CLANG_WARN_UNREACHABLE_CODE = YES;
				CLANG_WARN__DUPLICATE_METHOD_MATCH = YES;
				COPY_PHASE_STRIP = NO;
				DEBUG_INFORMATION_FORMAT = "dwarf-with-dsym";
				ENABLE_NS_ASSERTIONS = NO;
				ENABLE_STRICT_OBJC_MSGSEND = YES;
				GCC_C_LANGUAGE_STANDARD = gnu11;
				GCC_NO_COMMON_BLOCKS = YES;
				GCC_WARN_64_TO_32_BIT_CONVERSION = YES;
				GCC_WARN_ABOUT_RETURN_TYPE = YES_ERROR;
				GCC_WARN_UNDECLARED_SELECTOR = YES;
				GCC_WARN_UNINITIALIZED_AUTOS = YES_AGGRESSIVE;
				GCC_WARN_UNUSED_FUNCTION = YES;
				GCC_WARN_UNUSED_VARIABLE = YES;
				IPHONEOS_DEPLOYMENT_TARGET = 16.4;
				MTL_ENABLE_DEBUG_INFO = NO;
				MTL_FAST_MATH = YES;
				SDKROOT = iphoneos;
				SWIFT_COMPILATION_MODE = wholemodule;
				SWIFT_OPTIMIZATION_LEVEL = "-O";
				VALIDATE_PRODUCT = YES;
			};
			name = Release;
		};
		CDEE85482A24BADE00C90EF5 /* Debug */ = {
			isa = XCBuildConfiguration;
			buildSettings = {
				ASSETCATALOG_COMPILER_APPICON_NAME = AppIcon;
				ASSETCATALOG_COMPILER_GLOBAL_ACCENT_COLOR_NAME = AccentColor;
				CODE_SIGN_STYLE = Automatic;
				CURRENT_PROJECT_VERSION = 1;
				DEVELOPMENT_ASSET_PATHS = "\"Care&Love/Preview Content\"";
				ENABLE_PREVIEWS = YES;
				GENERATE_INFOPLIST_FILE = YES;
				INFOPLIST_KEY_UIApplicationSceneManifest_Generation = YES;
				INFOPLIST_KEY_UIApplicationSupportsIndirectInputEvents = YES;
				INFOPLIST_KEY_UILaunchScreen_Generation = YES;
				INFOPLIST_KEY_UISupportedInterfaceOrientations = UIInterfaceOrientationPortrait;
				LD_RUNPATH_SEARCH_PATHS = (
					"$(inherited)",
					"@executable_path/Frameworks",
				);
				MARKETING_VERSION = 1.0;
				PRODUCT_BUNDLE_IDENTIFIER = "com.iosDevMo.Care-Love";
				PRODUCT_NAME = "$(TARGET_NAME)";
				SWIFT_EMIT_LOC_STRINGS = YES;
				SWIFT_VERSION = 5.0;
				TARGETED_DEVICE_FAMILY = "1,2";
			};
			name = Debug;
		};
		CDEE85492A24BADE00C90EF5 /* Release */ = {
			isa = XCBuildConfiguration;
			buildSettings = {
				ASSETCATALOG_COMPILER_APPICON_NAME = AppIcon;
				ASSETCATALOG_COMPILER_GLOBAL_ACCENT_COLOR_NAME = AccentColor;
				CODE_SIGN_STYLE = Automatic;
				CURRENT_PROJECT_VERSION = 1;
				DEVELOPMENT_ASSET_PATHS = "\"Care&Love/Preview Content\"";
				ENABLE_PREVIEWS = YES;
				GENERATE_INFOPLIST_FILE = YES;
				INFOPLIST_KEY_UIApplicationSceneManifest_Generation = YES;
				INFOPLIST_KEY_UIApplicationSupportsIndirectInputEvents = YES;
				INFOPLIST_KEY_UILaunchScreen_Generation = YES;
				INFOPLIST_KEY_UISupportedInterfaceOrientations = UIInterfaceOrientationPortrait;
				LD_RUNPATH_SEARCH_PATHS = (
					"$(inherited)",
					"@executable_path/Frameworks",
				);
				MARKETING_VERSION = 1.0;
				PRODUCT_BUNDLE_IDENTIFIER = "com.iosDevMo.Care-Love";
				PRODUCT_NAME = "$(TARGET_NAME)";
				SWIFT_EMIT_LOC_STRINGS = YES;
				SWIFT_VERSION = 5.0;
				TARGETED_DEVICE_FAMILY = "1,2";
			};
			name = Release;
		};
/* End XCBuildConfiguration section */

/* Begin XCConfigurationList section */
		CDEE85342A24BADD00C90EF5 /* Build configuration list for PBXProject "Care&Love" */ = {
			isa = XCConfigurationList;
			buildConfigurations = (
				CDEE85452A24BADE00C90EF5 /* Debug */,
				CDEE85462A24BADE00C90EF5 /* Release */,
			);
			defaultConfigurationIsVisible = 0;
			defaultConfigurationName = Release;
		};
		CDEE85472A24BADE00C90EF5 /* Build configuration list for PBXNativeTarget "Care&Love" */ = {
			isa = XCConfigurationList;
			buildConfigurations = (
				CDEE85482A24BADE00C90EF5 /* Debug */,
				CDEE85492A24BADE00C90EF5 /* Release */,
			);
			defaultConfigurationIsVisible = 0;
			defaultConfigurationName = Release;
		};
/* End XCConfigurationList section */
	};
	rootObject = CDEE85312A24BADD00C90EF5 /* Project object */;
}
